// !$*UTF8*$!
{
	archiveVersion = 1;
	classes = {
	};
	objectVersion = 50;
	objects = {

/* Begin PBXBuildFile section */
		3CD63DC124891596001CDFBE /* AppDelegate.swift in Sources */ = {isa = PBXBuildFile; fileRef = 3CD63DC024891596001CDFBE /* AppDelegate.swift */; };
		3CD63DC324891596001CDFBE /* SceneDelegate.swift in Sources */ = {isa = PBXBuildFile; fileRef = 3CD63DC224891596001CDFBE /* SceneDelegate.swift */; };
		3CD63DC524891596001CDFBE /* ViewController.swift in Sources */ = {isa = PBXBuildFile; fileRef = 3CD63DC424891596001CDFBE /* ViewController.swift */; };
		3CD63DC824891596001CDFBE /* Main.storyboard in Resources */ = {isa = PBXBuildFile; fileRef = 3CD63DC624891596001CDFBE /* Main.storyboard */; };
		3CD63DCA24891598001CDFBE /* Assets.xcassets in Resources */ = {isa = PBXBuildFile; fileRef = 3CD63DC924891598001CDFBE /* Assets.xcassets */; };
		3CD63DCD24891598001CDFBE /* LaunchScreen.storyboard in Resources */ = {isa = PBXBuildFile; fileRef = 3CD63DCB24891598001CDFBE /* LaunchScreen.storyboard */; };
/* End PBXBuildFile section */

/* Begin PBXFileReference section */
		3CD63DBD24891596001CDFBE /* chillcodetime.app */ = {isa = PBXFileReference; explicitFileType = wrapper.application; includeInIndex = 0; path = chillcodetime.app; sourceTree = BUILT_PRODUCTS_DIR; };
		3CD63DC024891596001CDFBE /* AppDelegate.swift */ = {isa = PBXFileReference; lastKnownFileType = sourcecode.swift; path = AppDelegate.swift; sourceTree = "<group>"; };
		3CD63DC224891596001CDFBE /* SceneDelegate.swift */ = {isa = PBXFileReference; lastKnownFileType = sourcecode.swift; path = SceneDelegate.swift; sourceTree = "<group>"; };
		3CD63DC424891596001CDFBE /* ViewController.swift */ = {isa = PBXFileReference; lastKnownFileType = sourcecode.swift; path = ViewController.swift; sourceTree = "<group>"; };
		3CD63DC724891596001CDFBE /* Base */ = {isa = PBXFileReference; lastKnownFileType = file.storyboard; name = Base; path = Base.lproj/Main.storyboard; sourceTree = "<group>"; };
		3CD63DC924891598001CDFBE /* Assets.xcassets */ = {isa = PBXFileReference; lastKnownFileType = folder.assetcatalog; path = Assets.xcassets; sourceTree = "<group>"; };
		3CD63DCC24891598001CDFBE /* Base */ = {isa = PBXFileReference; lastKnownFileType = file.storyboard; name = Base; path = Base.lproj/LaunchScreen.storyboard; sourceTree = "<group>"; };
		3CD63DCE24891598001CDFBE /* Info.plist */ = {isa = PBXFileReference; lastKnownFileType = text.plist.xml; path = Info.plist; sourceTree = "<group>"; };
/* End PBXFileReference section */

/* Begin PBXFrameworksBuildPhase section */
		3CD63DBA24891596001CDFBE /* Frameworks */ = {
			isa = PBXFrameworksBuildPhase;
			buildActionMask = 2147483647;
			files = (
			);
			runOnlyForDeploymentPostprocessing = 0;
		};
/* End PBXFrameworksBuildPhase section */

/* Begin PBXGroup section */
		3CD63DB424891596001CDFBE = {
			isa = PBXGroup;
			children = (
				3CD63DBF24891596001CDFBE /* chillcodetime */,
				3CD63DBE24891596001CDFBE /* Products */,
			);
			sourceTree = "<group>";
		};
		3CD63DBE24891596001CDFBE /* Products */ = {
			isa = PBXGroup;
			children = (
				3CD63DBD24891596001CDFBE /* chillcodetime.app */,
			);
			name = Products;
			sourceTree = "<group>";
		};
		3CD63DBF24891596001CDFBE /* chillcodetime */ = {
			isa = PBXGroup;
			children = (
				3CD63DC024891596001CDFBE /* AppDelegate.swift */,
				3CD63DC224891596001CDFBE /* SceneDelegate.swift */,
				3CD63DC424891596001CDFBE /* ViewController.swift */,
				3CD63DC624891596001CDFBE /* Main.storyboard */,
				3CD63DC924891598001CDFBE /* Assets.xcassets */,
				3CD63DCB24891598001CDFBE /* LaunchScreen.storyboard */,
				3CD63DCE24891598001CDFBE /* Info.plist */,
			);
			path = chillcodetime;
			sourceTree = "<group>";
		};
/* End PBXGroup section */

/* Begin PBXNativeTarget section */
		3CD63DBC24891596001CDFBE /* chillcodetime */ = {
			isa = PBXNativeTarget;
			buildConfigurationList = 3CD63DD124891598001CDFBE /* Build configuration list for PBXNativeTarget "chillcodetime" */;
			buildPhases = (
				3CD63DB924891596001CDFBE /* Sources */,
				3CD63DBA24891596001CDFBE /* Frameworks */,
				3CD63DBB24891596001CDFBE /* Resources */,
			);
			buildRules = (
			);
			dependencies = (
			);
			name = chillcodetime;
			productName = chillcodetime;
			productReference = 3CD63DBD24891596001CDFBE /* chillcodetime.app */;
			productType = "com.apple.product-type.application";
		};
/* End PBXNativeTarget section */

/* Begin PBXProject section */
		3CD63DB524891596001CDFBE /* Project object */ = {
			isa = PBXProject;
			attributes = {
				LastSwiftUpdateCheck = 1140;
				LastUpgradeCheck = 1140;
				ORGANIZATIONNAME = "Osman Unal";
				TargetAttributes = {
					3CD63DBC24891596001CDFBE = {
						CreatedOnToolsVersion = 11.4.1;
					};
				};
			};
			buildConfigurationList = 3CD63DB824891596001CDFBE /* Build configuration list for PBXProject "chillcodetime" */;
			compatibilityVersion = "Xcode 9.3";
			developmentRegion = en;
			hasScannedForEncodings = 0;
			knownRegions = (
				en,
				Base,
			);
			mainGroup = 3CD63DB424891596001CDFBE;
			productRefGroup = 3CD63DBE24891596001CDFBE /* Products */;
			projectDirPath = "";
			projectRoot = "";
			targets = (
				3CD63DBC24891596001CDFBE /* chillcodetime */,
			);
		};
/* End PBXProject section */

/* Begin PBXResourcesBuildPhase section */
		3CD63DBB24891596001CDFBE /* Resources */ = {
			isa = PBXResourcesBuildPhase;
			buildActionMask = 2147483647;
			files = (
				3CD63DCD24891598001CDFBE /* LaunchScreen.storyboard in Resources */,
				3CD63DCA24891598001CDFBE /* Assets.xcassets in Resources */,
				3CD63DC824891596001CDFBE /* Main.storyboard in Resources */,
			);
			runOnlyForDeploymentPostprocessing = 0;
		};
/* End PBXResourcesBuildPhase section */

/* Begin PBXSourcesBuildPhase section */
		3CD63DB924891596001CDFBE /* Sources */ = {
			isa = PBXSourcesBuildPhase;
			buildActionMask = 2147483647;
			files = (
				3CD63DC524891596001CDFBE /* ViewController.swift in Sources */,
				3CD63DC124891596001CDFBE /* AppDelegate.swift in Sources */,
				3CD63DC324891596001CDFBE /* SceneDelegate.swift in Sources */,
			);
			runOnlyForDeploymentPostprocessing = 0;
		};
/* End PBXSourcesBuildPhase section */

/* Begin PBXVariantGroup section */
		3CD63DC624891596001CDFBE /* Main.storyboard */ = {
			isa = PBXVariantGroup;
			children = (
				3CD63DC724891596001CDFBE /* Base */,
			);
			name = Main.storyboard;
			sourceTree = "<group>";
		};
		3CD63DCB24891598001CDFBE /* LaunchScreen.storyboard */ = {
			isa = PBXVariantGroup;
			children = (
				3CD63DCC24891598001CDFBE /* Base */,
			);
			name = LaunchScreen.storyboard;
			sourceTree = "<group>";
		};
/* End PBXVariantGroup section */

/* Begin XCBuildConfiguration section */
		3CD63DCF24891598001CDFBE /* Debug */ = {
			isa = XCBuildConfiguration;
			buildSettings = {
				ALWAYS_SEARCH_USER_PATHS = NO;
				CLANG_ANALYZER_NONNULL = YES;
				CLANG_ANALYZER_NUMBER_OBJECT_CONVERSION = YES_AGGRESSIVE;
				CLANG_CXX_LANGUAGE_STANDARD = "gnu++14";
				CLANG_CXX_LIBRARY = "libc++";
				CLANG_ENABLE_MODULES = YES;
				CLANG_ENABLE_OBJC_ARC = YES;
				CLANG_ENABLE_OBJC_WEAK = YES;
				CLANG_WARN_BLOCK_CAPTURE_AUTORELEASING = YES;
				CLANG_WARN_BOOL_CONVERSION = YES;
				CLANG_WARN_COMMA = YES;
				CLANG_WARN_CONSTANT_CONVERSION = YES;
				CLANG_WARN_DEPRECATED_OBJC_IMPLEMENTATIONS = YES;
				CLANG_WARN_DIRECT_OBJC_ISA_USAGE = YES_ERROR;
				CLANG_WARN_DOCUMENTATION_COMMENTS = YES;
				CLANG_WARN_EMPTY_BODY = YES;
				CLANG_WARN_ENUM_CONVERSION = YES;
				CLANG_WARN_INFINITE_RECURSION = YES;
				CLANG_WARN_INT_CONVERSION = YES;
				CLANG_WARN_NON_LITERAL_NULL_CONVERSION = YES;
				CLANG_WARN_OBJC_IMPLICIT_RETAIN_SELF = YES;
				CLANG_WARN_OBJC_LITERAL_CONVERSION = YES;
				CLANG_WARN_OBJC_ROOT_CLASS = YES_ERROR;
				CLANG_WARN_RANGE_LOOP_ANALYSIS = YES;
				CLANG_WARN_STRICT_PROTOTYPES = YES;
				CLANG_WARN_SUSPICIOUS_MOVE = YES;
				CLANG_WARN_UNGUARDED_AVAILABILITY = YES_AGGRESSIVE;
				CLANG_WARN_UNREACHABLE_CODE = YES;
				CLANG_WARN__DUPLICATE_METHOD_MATCH = YES;
				COPY_PHASE_STRIP = NO;
				DEBUG_INFORMATION_FORMAT = dwarf;
				ENABLE_STRICT_OBJC_MSGSEND = YES;
				ENABLE_TESTABILITY = YES;
				GCC_C_LANGUAGE_STANDARD = gnu11;
				GCC_DYNAMIC_NO_PIC = NO;
				GCC_NO_COMMON_BLOCKS = YES;
				GCC_OPTIMIZATION_LEVEL = 0;
				GCC_PREPROCESSOR_DEFINITIONS = (
					"DEBUG=1",
					"$(inherited)",
				);
				GCC_WARN_64_TO_32_BIT_CONVERSION = YES;
				GCC_WARN_ABOUT_RETURN_TYPE = YES_ERROR;
				GCC_WARN_UNDECLARED_SELECTOR = YES;
				GCC_WARN_UNINITIALIZED_AUTOS = YES_AGGRESSIVE;
				GCC_WARN_UNUSED_FUNCTION = YES;
				GCC_WARN_UNUSED_VARIABLE = YES;
				IPHONEOS_DEPLOYMENT_TARGET = 13.4;
				MTL_ENABLE_DEBUG_INFO = INCLUDE_SOURCE;
				MTL_FAST_MATH = YES;
				ONLY_ACTIVE_ARCH = YES;
				SDKROOT = iphoneos;
				SWIFT_ACTIVE_COMPILATION_CONDITIONS = DEBUG;
				SWIFT_OPTIMIZATION_LEVEL = "-Onone";
			};
			name = Debug;
		};
		3CD63DD024891598001CDFBE /* Release */ = {
			isa = XCBuildConfiguration;
			buildSettings = {
				ALWAYS_SEARCH_USER_PATHS = NO;
				CLANG_ANALYZER_NONNULL = YES;
				CLANG_ANALYZER_NUMBER_OBJECT_CONVERSION = YES_AGGRESSIVE;
				CLANG_CXX_LANGUAGE_STANDARD = "gnu++14";
				CLANG_CXX_LIBRARY = "libc++";
				CLANG_ENABLE_MODULES = YES;
				CLANG_ENABLE_OBJC_ARC = YES;
				CLANG_ENABLE_OBJC_WEAK = YES;
				CLANG_WARN_BLOCK_CAPTURE_AUTORELEASING = YES;
				CLANG_WARN_BOOL_CONVERSION = YES;
				CLANG_WARN_COMMA = YES;
				CLANG_WARN_CONSTANT_CONVERSION = YES;
				CLANG_WARN_DEPRECATED_OBJC_IMPLEMENTATIONS = YES;
				CLANG_WARN_DIRECT_OBJC_ISA_USAGE = YES_ERROR;
				CLANG_WARN_DOCUMENTATION_COMMENTS = YES;
				CLANG_WARN_EMPTY_BODY = YES;
				CLANG_WARN_ENUM_CONVERSION = YES;
				CLANG_WARN_INFINITE_RECURSION = YES;
				CLANG_WARN_INT_CONVERSION = YES;
				CLANG_WARN_NON_LITERAL_NULL_CONVERSION = YES;
				CLANG_WARN_OBJC_IMPLICIT_RETAIN_SELF = YES;
				CLANG_WARN_OBJC_LITERAL_CONVERSION = YES;
				CLANG_WARN_OBJC_ROOT_CLASS = YES_ERROR;
				CLANG_WARN_RANGE_LOOP_ANALYSIS = YES;
				CLANG_WARN_STRICT_PROTOTYPES = YES;
				CLANG_WARN_SUSPICIOUS_MOVE = YES;
				CLANG_WARN_UNGUARDED_AVAILABILITY = YES_AGGRESSIVE;
				CLANG_WARN_UNREACHABLE_CODE = YES;
				CLANG_WARN__DUPLICATE_METHOD_MATCH = YES;
				COPY_PHASE_STRIP = NO;
				DEBUG_INFORMATION_FORMAT = "dwarf-with-dsym";
				ENABLE_NS_ASSERTIONS = NO;
				ENABLE_STRICT_OBJC_MSGSEND = YES;
				GCC_C_LANGUAGE_STANDARD = gnu11;
				GCC_NO_COMMON_BLOCKS = YES;
				GCC_WARN_64_TO_32_BIT_CONVERSION = YES;
				GCC_WARN_ABOUT_RETURN_TYPE = YES_ERROR;
				GCC_WARN_UNDECLARED_SELECTOR = YES;
				GCC_WARN_UNINITIALIZED_AUTOS = YES_AGGRESSIVE;
				GCC_WARN_UNUSED_FUNCTION = YES;
				GCC_WARN_UNUSED_VARIABLE = YES;
				IPHONEOS_DEPLOYMENT_TARGET = 13.4;
				MTL_ENABLE_DEBUG_INFO = NO;
				MTL_FAST_MATH = YES;
				SDKROOT = iphoneos;
				SWIFT_COMPILATION_MODE = wholemodule;
				SWIFT_OPTIMIZATION_LEVEL = "-O";
				VALIDATE_PRODUCT = YES;
			};
			name = Release;
		};
		3CD63DD224891598001CDFBE /* Debug */ = {
			isa = XCBuildConfiguration;
			buildSettings = {
				ASSETCATALOG_COMPILER_APPICON_NAME = AppIcon;
				CODE_SIGN_STYLE = Automatic;
				DEVELOPMENT_TEAM = 4544JBUAYL;
				INFOPLIST_FILE = chillcodetime/Info.plist;
				LD_RUNPATH_SEARCH_PATHS = (
					"$(inherited)",
					"@executable_path/Frameworks",
				);
				PRODUCT_BUNDLE_IDENTIFIER = com.osmnnl.chillcodetime;
				PRODUCT_NAME = "$(TARGET_NAME)";
				SWIFT_VERSION = 5.0;
				TARGETED_DEVICE_FAMILY = "1,2";
			};
			name = Debug;
		};
		3CD63DD324891598001CDFBE /* Release */ = {
			isa = XCBuildConfiguration;
			buildSettings = {
				ASSETCATALOG_COMPILER_APPICON_NAME = AppIcon;
				CODE_SIGN_STYLE = Automatic;
				DEVELOPMENT_TEAM = 4544JBUAYL;
				INFOPLIST_FILE = chillcodetime/Info.plist;
				LD_RUNPATH_SEARCH_PATHS = (
					"$(inherited)",
					"@executable_path/Frameworks",
				);
				PRODUCT_BUNDLE_IDENTIFIER = com.osmnnl.chillcodetime;
				PRODUCT_NAME = "$(TARGET_NAME)";
				SWIFT_VERSION = 5.0;
				TARGETED_DEVICE_FAMILY = "1,2";
			};
			name = Release;
		};
/* End XCBuildConfiguration section */

/* Begin XCConfigurationList section */
		3CD63DB824891596001CDFBE /* Build configuration list for PBXProject "chillcodetime" */ = {
			isa = XCConfigurationList;
			buildConfigurations = (
				3CD63DCF24891598001CDFBE /* Debug */,
				3CD63DD024891598001CDFBE /* Release */,
			);
			defaultConfigurationIsVisible = 0;
			defaultConfigurationName = Release;
		};
		3CD63DD124891598001CDFBE /* Build configuration list for PBXNativeTarget "chillcodetime" */ = {
			isa = XCConfigurationList;
			buildConfigurations = (
				3CD63DD224891598001CDFBE /* Debug */,
				3CD63DD324891598001CDFBE /* Release */,
			);
			defaultConfigurationIsVisible = 0;
			defaultConfigurationName = Release;
		};
/* End XCConfigurationList section */
	};
	rootObject = 3CD63DB524891596001CDFBE /* Project object */;
}
